
Microsoft Visual Studio Solution File, Format Version 12.00
Project("{2150E333-8FDC-42A3-9474-1A3956D46DE8}") = "Server", "Server", "{84C2E792-CC81-423C-B967-0692237ADAFC}"
EndProject
Project("{FAE04EC0-301F-11D3-BF4B-00C04F79EFBC}") = "Entities", "Server\Entities\Entities.csproj", "{FA133CFE-7DB8-4186-AD0B-39E0C8C38251}"
EndProject
Global
	GlobalSection(SolutionConfigurationPlatforms) = preSolution
		Debug|Any CPU = Debug|Any CPU
		Release|Any CPU = Release|Any CPU
	EndGlobalSection
	GlobalSection(NestedProjects) = preSolution
		{FA133CFE-7DB8-4186-AD0B-39E0C8C38251} = {84C2E792-CC81-423C-B967-0692237ADAFC}
	EndGlobalSection
	GlobalSection(ProjectConfigurationPlatforms) = postSolution
		{FA133CFE-7DB8-4186-AD0B-39E0C8C38251}.Debug|Any CPU.ActiveCfg = Debug|Any CPU
		{FA133CFE-7DB8-4186-AD0B-39E0C8C38251}.Debug|Any CPU.Build.0 = Debug|Any CPU
		{FA133CFE-7DB8-4186-AD0B-39E0C8C38251}.Release|Any CPU.ActiveCfg = Release|Any CPU
		{FA133CFE-7DB8-4186-AD0B-39E0C8C38251}.Release|Any CPU.Build.0 = Release|Any CPU
	EndGlobalSection
EndGlobal
